
Microsoft Visual Studio Solution File, Format Version 12.00
# Visual Studio Version 17
VisualStudioVersion = 17.9.34701.34
MinimumVisualStudioVersion = 10.0.40219.1
Project("{FAE04EC0-301F-11D3-BF4B-00C04F79EFBC}") = "Module04Navigation.Android", "Module04Navigation.Android\Module04Navigation.Android.csproj", "{425D7D07-8C3F-4C08-A6BE-FD1F22D0EF4F}"
EndProject
Project("{FAE04EC0-301F-11D3-BF4B-00C04F79EFBC}") = "Module04Navigation", "Module04Navigation\Module04Navigation.csproj", "{49B00EC2-1378-4D7C-92D1-3347306E174C}"
EndProject
Global
	GlobalSection(SolutionConfigurationPlatforms) = preSolution
		Debug|Any CPU = Debug|Any CPU
		Release|Any CPU = Release|Any CPU
	EndGlobalSection
	GlobalSection(ProjectConfigurationPlatforms) = postSolution
		{425D7D07-8C3F-4C08-A6BE-FD1F22D0EF4F}.Debug|Any CPU.ActiveCfg = Debug|Any CPU
		{425D7D07-8C3F-4C08-A6BE-FD1F22D0EF4F}.Debug|Any CPU.Build.0 = Debug|Any CPU
		{425D7D07-8C3F-4C08-A6BE-FD1F22D0EF4F}.Debug|Any CPU.Deploy.0 = Debug|Any CPU
		{425D7D07-8C3F-4C08-A6BE-FD1F22D0EF4F}.Release|Any CPU.ActiveCfg = Release|Any CPU
		{425D7D07-8C3F-4C08-A6BE-FD1F22D0EF4F}.Release|Any CPU.Build.0 = Release|Any CPU
		{425D7D07-8C3F-4C08-A6BE-FD1F22D0EF4F}.Release|Any CPU.Deploy.0 = Release|Any CPU
		{49B00EC2-1378-4D7C-92D1-3347306E174C}.Debug|Any CPU.ActiveCfg = Debug|Any CPU
		{49B00EC2-1378-4D7C-92D1-3347306E174C}.Debug|Any CPU.Build.0 = Debug|Any CPU
		{49B00EC2-1378-4D7C-92D1-3347306E174C}.Debug|Any CPU.Deploy.0 = Debug|Any CPU
		{49B00EC2-1378-4D7C-92D1-3347306E174C}.Release|Any CPU.ActiveCfg = Release|Any CPU
		{49B00EC2-1378-4D7C-92D1-3347306E174C}.Release|Any CPU.Build.0 = Release|Any CPU
		{49B00EC2-1378-4D7C-92D1-3347306E174C}.Release|Any CPU.Deploy.0 = Release|Any CPU
	EndGlobalSection
	GlobalSection(SolutionProperties) = preSolution
		HideSolutionNode = FALSE
	EndGlobalSection
	GlobalSection(ExtensibilityGlobals) = postSolution
		SolutionGuid = {3924B977-9001-4510-98CB-0C6B31F1F1B8}
	EndGlobalSection
EndGlobal
